
Microsoft Visual Studio Solution File, Format Version 12.00
# Visual Studio Version 17
VisualStudioVersion = 17.8.34316.72
MinimumVisualStudioVersion = 10.0.40219.1
Project("{FAE04EC0-301F-11D3-BF4B-00C04F79EFBC}") = "ToursApp1", "ToursApp1\ToursApp1.csproj", "{6C81EA7B-2098-4A4F-B692-CEF6F8262FFD}"
EndProject
Global
	GlobalSection(SolutionConfigurationPlatforms) = preSolution
		Debug|Any CPU = Debug|Any CPU
		Release|Any CPU = Release|Any CPU
	EndGlobalSection
	GlobalSection(ProjectConfigurationPlatforms) = postSolution
		{6C81EA7B-2098-4A4F-B692-CEF6F8262FFD}.Debug|Any CPU.ActiveCfg = Debug|Any CPU
		{6C81EA7B-2098-4A4F-B692-CEF6F8262FFD}.Debug|Any CPU.Build.0 = Debug|Any CPU
		{6C81EA7B-2098-4A4F-B692-CEF6F8262FFD}.Release|Any CPU.ActiveCfg = Release|Any CPU
		{6C81EA7B-2098-4A4F-B692-CEF6F8262FFD}.Release|Any CPU.Build.0 = Release|Any CPU
	EndGlobalSection
	GlobalSection(SolutionProperties) = preSolution
		HideSolutionNode = FALSE
	EndGlobalSection
	GlobalSection(ExtensibilityGlobals) = postSolution
		SolutionGuid = {4734F7AC-314D-45F2-B9A5-7985CCF80471}
	EndGlobalSection
EndGlobal
